{
  "originHash" : "cdb68b1c15cdf3bfc53a0d73ecd56fd130555e9a0b2e3218897de96fe834deb4",
  "pins" : [
    {
      "identity" : "bluecryptor",
      "kind" : "remoteSourceControl",
      "location" : "https://github.com/IBM-Swift/BlueCryptor.git",
      "state" : {
        "revision" : "ee5880e031da4c609f372cf7472476ab51d5dd19",
        "version" : "1.0.200"
      }
    },
    {
      "identity" : "blueecc",
      "kind" : "remoteSourceControl",
      "location" : "https://github.com/IBM-Swift/BlueECC.git",
      "state" : {
        "revision" : "baf6ed3fc1a622675f0041b4aff7c02dd1a93818",
        "version" : "1.2.200"
      }
    },
    {
      "identity" : "opencombine",
      "kind" : "remoteSourceControl",
      "location" : "https://github.com/OpenCombine/OpenCombine.git",
      "state" : {
        "revision" : "8576f0d579b27020beccbccc3ea6844f3ddfc2c2",
        "version" : "0.14.0"
      }
    }
  ],
  "version" : 3
}
